
Microsoft Visual Studio Solution File, Format Version 12.00
# Visual Studio 15
Project("{FAE04EC0-301F-11D3-BF4B-00C04F79EFBC}") = "Assembly-CSharp", "Assembly-CSharp.csproj", "{8208059B-4B68-88E1-BB51-70FF1CE73C61}"
EndProject
Project("{FAE04EC0-301F-11D3-BF4B-00C04F79EFBC}") = "Assembly-CSharp-Editor", "Assembly-CSharp-Editor.csproj", "{5F10DF2A-5543-EFAD-07CC-2DE65E827627}"
EndProject
Global
	GlobalSection(SolutionConfigurationPlatforms) = preSolution
		Debug|Any CPU = Debug|Any CPU
		Release|Any CPU = Release|Any CPU
	EndGlobalSection
	GlobalSection(ProjectConfigurationPlatforms) = postSolution
		{8208059B-4B68-88E1-BB51-70FF1CE73C61}.Debug|Any CPU.ActiveCfg = Debug|Any CPU
		{8208059B-4B68-88E1-BB51-70FF1CE73C61}.Debug|Any CPU.Build.0 = Debug|Any CPU
		{8208059B-4B68-88E1-BB51-70FF1CE73C61}.Release|Any CPU.ActiveCfg = Release|Any CPU
		{8208059B-4B68-88E1-BB51-70FF1CE73C61}.Release|Any CPU.Build.0 = Release|Any CPU
		{5F10DF2A-5543-EFAD-07CC-2DE65E827627}.Debug|Any CPU.ActiveCfg = Debug|Any CPU
		{5F10DF2A-5543-EFAD-07CC-2DE65E827627}.Debug|Any CPU.Build.0 = Debug|Any CPU
		{5F10DF2A-5543-EFAD-07CC-2DE65E827627}.Release|Any CPU.ActiveCfg = Release|Any CPU
		{5F10DF2A-5543-EFAD-07CC-2DE65E827627}.Release|Any CPU.Build.0 = Release|Any CPU
	EndGlobalSection
	GlobalSection(SolutionProperties) = preSolution
		HideSolutionNode = FALSE
	EndGlobalSection
EndGlobal
